
Microsoft Visual Studio Solution File, Format Version 12.00
# Visual Studio Version 16
VisualStudioVersion = 16.0.32106.194
MinimumVisualStudioVersion = 10.0.40219.1
Project("{FAE04EC0-301F-11D3-BF4B-00C04F79EFBC}") = "TestADM.ConsoleApp", "TestADM.ConsoleApp\TestADM.ConsoleApp.csproj", "{01E458F6-2ED2-4D34-A863-57A1F3F10A14}"
EndProject
Global
	GlobalSection(SolutionConfigurationPlatforms) = preSolution
		Debug|Any CPU = Debug|Any CPU
		Release|Any CPU = Release|Any CPU
	EndGlobalSection
	GlobalSection(ProjectConfigurationPlatforms) = postSolution
		{01E458F6-2ED2-4D34-A863-57A1F3F10A14}.Debug|Any CPU.ActiveCfg = Debug|Any CPU
		{01E458F6-2ED2-4D34-A863-57A1F3F10A14}.Debug|Any CPU.Build.0 = Debug|Any CPU
		{01E458F6-2ED2-4D34-A863-57A1F3F10A14}.Release|Any CPU.ActiveCfg = Release|Any CPU
		{01E458F6-2ED2-4D34-A863-57A1F3F10A14}.Release|Any CPU.Build.0 = Release|Any CPU
	EndGlobalSection
	GlobalSection(SolutionProperties) = preSolution
		HideSolutionNode = FALSE
	EndGlobalSection
	GlobalSection(ExtensibilityGlobals) = postSolution
		SolutionGuid = {9331DA0D-9745-4DB7-ABBB-7E5E67171775}
	EndGlobalSection
EndGlobal
